
Microsoft Visual Studio Solution File, Format Version 12.00
# Visual Studio Version 17
VisualStudioVersion = 17.0.31903.59
MinimumVisualStudioVersion = 10.0.40219.1
Project("{FAE04EC0-301F-11D3-BF4B-00C04F79EFBC}") = "AnimalKingdom", "AnimalKingdom\AnimalKingdom.csproj", "{0911EBBC-8FFA-4A42-85AC-B2E773059FFB}"
EndProject
Project("{FAE04EC0-301F-11D3-BF4B-00C04F79EFBC}") = "PlayerManager1", "PlayerManager1\PlayerManager1.csproj", "{2E503755-CFFA-4E06-8A7B-4A8125DA6B4E}"
EndProject
Project("{FAE04EC0-301F-11D3-BF4B-00C04F79EFBC}") = "PlayerManager2", "PlayerManager2\PlayerManager2.csproj", "{0FF16E87-64F4-4661-B4DD-458232F9DE2F}"
EndProject
Project("{FAE04EC0-301F-11D3-BF4B-00C04F79EFBC}") = "PlayerManager3", "PlayerManager3\PlayerManager3.csproj", "{F7727F41-4219-461B-BFEC-4AE6A485C8BC}"
EndProject
Global
	GlobalSection(SolutionConfigurationPlatforms) = preSolution
		Debug|Any CPU = Debug|Any CPU
		Release|Any CPU = Release|Any CPU
	EndGlobalSection
	GlobalSection(SolutionProperties) = preSolution
		HideSolutionNode = FALSE
	EndGlobalSection
	GlobalSection(ProjectConfigurationPlatforms) = postSolution
		{0911EBBC-8FFA-4A42-85AC-B2E773059FFB}.Debug|Any CPU.ActiveCfg = Debug|Any CPU
		{0911EBBC-8FFA-4A42-85AC-B2E773059FFB}.Debug|Any CPU.Build.0 = Debug|Any CPU
		{0911EBBC-8FFA-4A42-85AC-B2E773059FFB}.Release|Any CPU.ActiveCfg = Release|Any CPU
		{0911EBBC-8FFA-4A42-85AC-B2E773059FFB}.Release|Any CPU.Build.0 = Release|Any CPU
		{2E503755-CFFA-4E06-8A7B-4A8125DA6B4E}.Debug|Any CPU.ActiveCfg = Debug|Any CPU
		{2E503755-CFFA-4E06-8A7B-4A8125DA6B4E}.Debug|Any CPU.Build.0 = Debug|Any CPU
		{2E503755-CFFA-4E06-8A7B-4A8125DA6B4E}.Release|Any CPU.ActiveCfg = Release|Any CPU
		{2E503755-CFFA-4E06-8A7B-4A8125DA6B4E}.Release|Any CPU.Build.0 = Release|Any CPU
		{0FF16E87-64F4-4661-B4DD-458232F9DE2F}.Debug|Any CPU.ActiveCfg = Debug|Any CPU
		{0FF16E87-64F4-4661-B4DD-458232F9DE2F}.Debug|Any CPU.Build.0 = Debug|Any CPU
		{0FF16E87-64F4-4661-B4DD-458232F9DE2F}.Release|Any CPU.ActiveCfg = Release|Any CPU
		{0FF16E87-64F4-4661-B4DD-458232F9DE2F}.Release|Any CPU.Build.0 = Release|Any CPU
		{F7727F41-4219-461B-BFEC-4AE6A485C8BC}.Debug|Any CPU.ActiveCfg = Debug|Any CPU
		{F7727F41-4219-461B-BFEC-4AE6A485C8BC}.Debug|Any CPU.Build.0 = Debug|Any CPU
		{F7727F41-4219-461B-BFEC-4AE6A485C8BC}.Release|Any CPU.ActiveCfg = Release|Any CPU
		{F7727F41-4219-461B-BFEC-4AE6A485C8BC}.Release|Any CPU.Build.0 = Release|Any CPU
	EndGlobalSection
EndGlobal
